// !$*UTF8*$!
{
	archiveVersion = 1;
	classes = {
	};
	objectVersion = 46;
	objects = {

/* Begin PBXBuildFile section */
		4E2E3A8B16F35E6500E0647F /* CGGeometry-KIFAdditions.h in Headers */ = {isa = PBXBuildFile; fileRef = 4E2E3A7116F35E6500E0647F /* CGGeometry-KIFAdditions.h */; };
		4E2E3A8C16F35E6500E0647F /* CGGeometry-KIFAdditions.m in Sources */ = {isa = PBXBuildFile; fileRef = 4E2E3A7216F35E6500E0647F /* CGGeometry-KIFAdditions.m */; };
		4E2E3A8D16F35E6500E0647F /* KIF-Prefix.pch in Headers */ = {isa = PBXBuildFile; fileRef = 4E2E3A7316F35E6500E0647F /* KIF-Prefix.pch */; };
		4E2E3A8E16F35E6500E0647F /* KIFTestController.h in Headers */ = {isa = PBXBuildFile; fileRef = 4E2E3A7416F35E6500E0647F /* KIFTestController.h */; };
		4E2E3A8F16F35E6500E0647F /* KIFTestController.m in Sources */ = {isa = PBXBuildFile; fileRef = 4E2E3A7516F35E6500E0647F /* KIFTestController.m */; };
		4E2E3A9016F35E6500E0647F /* KIFTestScenario.h in Headers */ = {isa = PBXBuildFile; fileRef = 4E2E3A7616F35E6500E0647F /* KIFTestScenario.h */; };
		4E2E3A9116F35E6500E0647F /* KIFTestScenario.m in Sources */ = {isa = PBXBuildFile; fileRef = 4E2E3A7716F35E6500E0647F /* KIFTestScenario.m */; };
		4E2E3A9216F35E6500E0647F /* KIFTestStep.h in Headers */ = {isa = PBXBuildFile; fileRef = 4E2E3A7816F35E6500E0647F /* KIFTestStep.h */; };
		4E2E3A9316F35E6500E0647F /* KIFTestStep.m in Sources */ = {isa = PBXBuildFile; fileRef = 4E2E3A7916F35E6500E0647F /* KIFTestStep.m */; };
		4E2E3A9416F35E6500E0647F /* KIFTypist.h in Headers */ = {isa = PBXBuildFile; fileRef = 4E2E3A7A16F35E6500E0647F /* KIFTypist.h */; };
		4E2E3A9516F35E6500E0647F /* KIFTypist.m in Sources */ = {isa = PBXBuildFile; fileRef = 4E2E3A7B16F35E6500E0647F /* KIFTypist.m */; };
		4E2E3A9616F35E6500E0647F /* LoadableCategory.h in Headers */ = {isa = PBXBuildFile; fileRef = 4E2E3A7C16F35E6500E0647F /* LoadableCategory.h */; };
		4E2E3A9716F35E6500E0647F /* NSFileManager-KIFAdditions.h in Headers */ = {isa = PBXBuildFile; fileRef = 4E2E3A7D16F35E6500E0647F /* NSFileManager-KIFAdditions.h */; };
		4E2E3A9816F35E6500E0647F /* NSFileManager-KIFAdditions.m in Sources */ = {isa = PBXBuildFile; fileRef = 4E2E3A7E16F35E6500E0647F /* NSFileManager-KIFAdditions.m */; };
		4E2E3A9916F35E6500E0647F /* UIAccessibilityElement-KIFAdditions.h in Headers */ = {isa = PBXBuildFile; fileRef = 4E2E3A7F16F35E6500E0647F /* UIAccessibilityElement-KIFAdditions.h */; };
		4E2E3A9A16F35E6500E0647F /* UIAccessibilityElement-KIFAdditions.m in Sources */ = {isa = PBXBuildFile; fileRef = 4E2E3A8016F35E6500E0647F /* UIAccessibilityElement-KIFAdditions.m */; };
		4E2E3A9B16F35E6500E0647F /* UIApplication-KIFAdditions.h in Headers */ = {isa = PBXBuildFile; fileRef = 4E2E3A8116F35E6500E0647F /* UIApplication-KIFAdditions.h */; };
		4E2E3A9C16F35E6500E0647F /* UIApplication-KIFAdditions.m in Sources */ = {isa = PBXBuildFile; fileRef = 4E2E3A8216F35E6500E0647F /* UIApplication-KIFAdditions.m */; };
		4E2E3A9D16F35E6500E0647F /* UIScrollView-KIFAdditions.h in Headers */ = {isa = PBXBuildFile; fileRef = 4E2E3A8316F35E6500E0647F /* UIScrollView-KIFAdditions.h */; };
		4E2E3A9E16F35E6500E0647F /* UIScrollView-KIFAdditions.m in Sources */ = {isa = PBXBuildFile; fileRef = 4E2E3A8416F35E6500E0647F /* UIScrollView-KIFAdditions.m */; };
		4E2E3A9F16F35E6500E0647F /* UITouch-KIFAdditions.h in Headers */ = {isa = PBXBuildFile; fileRef = 4E2E3A8516F35E6500E0647F /* UITouch-KIFAdditions.h */; };
		4E2E3AA016F35E6500E0647F /* UITouch-KIFAdditions.m in Sources */ = {isa = PBXBuildFile; fileRef = 4E2E3A8616F35E6500E0647F /* UITouch-KIFAdditions.m */; };
		4E2E3AA116F35E6500E0647F /* UIView-KIFAdditions.h in Headers */ = {isa = PBXBuildFile; fileRef = 4E2E3A8716F35E6500E0647F /* UIView-KIFAdditions.h */; };
		4E2E3AA216F35E6500E0647F /* UIView-KIFAdditions.m in Sources */ = {isa = PBXBuildFile; fileRef = 4E2E3A8816F35E6500E0647F /* UIView-KIFAdditions.m */; };
		4E2E3AA316F35E6500E0647F /* UIWindow-KIFAdditions.h in Headers */ = {isa = PBXBuildFile; fileRef = 4E2E3A8916F35E6500E0647F /* UIWindow-KIFAdditions.h */; };
		4E2E3AA416F35E6500E0647F /* UIWindow-KIFAdditions.m in Sources */ = {isa = PBXBuildFile; fileRef = 4E2E3A8A16F35E6500E0647F /* UIWindow-KIFAdditions.m */; };
		AAB0726C139719AC008AF393 /* Foundation.framework in Frameworks */ = {isa = PBXBuildFile; fileRef = AAB0726B139719AC008AF393 /* Foundation.framework */; };
		AAB0728213971A63008AF393 /* KIF-Prefix.pch in Headers */ = {isa = PBXBuildFile; fileRef = AAB0728113971A63008AF393 /* KIF-Prefix.pch */; };
		AAB072B513971AEA008AF393 /* UIKit.framework in Frameworks */ = {isa = PBXBuildFile; fileRef = AAB072B413971AEA008AF393 /* UIKit.framework */; };
/* End PBXBuildFile section */

/* Begin PBXFileReference section */
		4E2E3A7116F35E6500E0647F /* CGGeometry-KIFAdditions.h */ = {isa = PBXFileReference; fileEncoding = 4; lastKnownFileType = sourcecode.c.h; path = "CGGeometry-KIFAdditions.h"; sourceTree = "<group>"; };
		4E2E3A7216F35E6500E0647F /* CGGeometry-KIFAdditions.m */ = {isa = PBXFileReference; fileEncoding = 4; lastKnownFileType = sourcecode.c.objc; path = "CGGeometry-KIFAdditions.m"; sourceTree = "<group>"; };
		4E2E3A7316F35E6500E0647F /* KIF-Prefix.pch */ = {isa = PBXFileReference; fileEncoding = 4; lastKnownFileType = sourcecode.c.h; path = "KIF-Prefix.pch"; sourceTree = "<group>"; };
		4E2E3A7416F35E6500E0647F /* KIFTestController.h */ = {isa = PBXFileReference; fileEncoding = 4; lastKnownFileType = sourcecode.c.h; path = KIFTestController.h; sourceTree = "<group>"; };
		4E2E3A7516F35E6500E0647F /* KIFTestController.m */ = {isa = PBXFileReference; fileEncoding = 4; lastKnownFileType = sourcecode.c.objc; path = KIFTestController.m; sourceTree = "<group>"; };
		4E2E3A7616F35E6500E0647F /* KIFTestScenario.h */ = {isa = PBXFileReference; fileEncoding = 4; lastKnownFileType = sourcecode.c.h; path = KIFTestScenario.h; sourceTree = "<group>"; };
		4E2E3A7716F35E6500E0647F /* KIFTestScenario.m */ = {isa = PBXFileReference; fileEncoding = 4; lastKnownFileType = sourcecode.c.objc; path = KIFTestScenario.m; sourceTree = "<group>"; };
		4E2E3A7816F35E6500E0647F /* KIFTestStep.h */ = {isa = PBXFileReference; fileEncoding = 4; lastKnownFileType = sourcecode.c.h; path = KIFTestStep.h; sourceTree = "<group>"; };
		4E2E3A7916F35E6500E0647F /* KIFTestStep.m */ = {isa = PBXFileReference; fileEncoding = 4; lastKnownFileType = sourcecode.c.objc; path = KIFTestStep.m; sourceTree = "<group>"; };
		4E2E3A7A16F35E6500E0647F /* KIFTypist.h */ = {isa = PBXFileReference; fileEncoding = 4; lastKnownFileType = sourcecode.c.h; path = KIFTypist.h; sourceTree = "<group>"; };
		4E2E3A7B16F35E6500E0647F /* KIFTypist.m */ = {isa = PBXFileReference; fileEncoding = 4; lastKnownFileType = sourcecode.c.objc; path = KIFTypist.m; sourceTree = "<group>"; };
		4E2E3A7C16F35E6500E0647F /* LoadableCategory.h */ = {isa = PBXFileReference; fileEncoding = 4; lastKnownFileType = sourcecode.c.h; path = LoadableCategory.h; sourceTree = "<group>"; };
		4E2E3A7D16F35E6500E0647F /* NSFileManager-KIFAdditions.h */ = {isa = PBXFileReference; fileEncoding = 4; lastKnownFileType = sourcecode.c.h; path = "NSFileManager-KIFAdditions.h"; sourceTree = "<group>"; };
		4E2E3A7E16F35E6500E0647F /* NSFileManager-KIFAdditions.m */ = {isa = PBXFileReference; fileEncoding = 4; lastKnownFileType = sourcecode.c.objc; path = "NSFileManager-KIFAdditions.m"; sourceTree = "<group>"; };
		4E2E3A7F16F35E6500E0647F /* UIAccessibilityElement-KIFAdditions.h */ = {isa = PBXFileReference; fileEncoding = 4; lastKnownFileType = sourcecode.c.h; path = "UIAccessibilityElement-KIFAdditions.h"; sourceTree = "<group>"; };
		4E2E3A8016F35E6500E0647F /* UIAccessibilityElement-KIFAdditions.m */ = {isa = PBXFileReference; fileEncoding = 4; lastKnownFileType = sourcecode.c.objc; path = "UIAccessibilityElement-KIFAdditions.m"; sourceTree = "<group>"; };
		4E2E3A8116F35E6500E0647F /* UIApplication-KIFAdditions.h */ = {isa = PBXFileReference; fileEncoding = 4; lastKnownFileType = sourcecode.c.h; path = "UIApplication-KIFAdditions.h"; sourceTree = "<group>"; };
		4E2E3A8216F35E6500E0647F /* UIApplication-KIFAdditions.m */ = {isa = PBXFileReference; fileEncoding = 4; lastKnownFileType = sourcecode.c.objc; path = "UIApplication-KIFAdditions.m"; sourceTree = "<group>"; };
		4E2E3A8316F35E6500E0647F /* UIScrollView-KIFAdditions.h */ = {isa = PBXFileReference; fileEncoding = 4; lastKnownFileType = sourcecode.c.h; path = "UIScrollView-KIFAdditions.h"; sourceTree = "<group>"; };
		4E2E3A8416F35E6500E0647F /* UIScrollView-KIFAdditions.m */ = {isa = PBXFileReference; fileEncoding = 4; lastKnownFileType = sourcecode.c.objc; path = "UIScrollView-KIFAdditions.m"; sourceTree = "<group>"; };
		4E2E3A8516F35E6500E0647F /* UITouch-KIFAdditions.h */ = {isa = PBXFileReference; fileEncoding = 4; lastKnownFileType = sourcecode.c.h; path = "UITouch-KIFAdditions.h"; sourceTree = "<group>"; };
		4E2E3A8616F35E6500E0647F /* UITouch-KIFAdditions.m */ = {isa = PBXFileReference; fileEncoding = 4; lastKnownFileType = sourcecode.c.objc; path = "UITouch-KIFAdditions.m"; sourceTree = "<group>"; };
		4E2E3A8716F35E6500E0647F /* UIView-KIFAdditions.h */ = {isa = PBXFileReference; fileEncoding = 4; lastKnownFileType = sourcecode.c.h; path = "UIView-KIFAdditions.h"; sourceTree = "<group>"; };
		4E2E3A8816F35E6500E0647F /* UIView-KIFAdditions.m */ = {isa = PBXFileReference; fileEncoding = 4; lastKnownFileType = sourcecode.c.objc; path = "UIView-KIFAdditions.m"; sourceTree = "<group>"; };
		4E2E3A8916F35E6500E0647F /* UIWindow-KIFAdditions.h */ = {isa = PBXFileReference; fileEncoding = 4; lastKnownFileType = sourcecode.c.h; path = "UIWindow-KIFAdditions.h"; sourceTree = "<group>"; };
		4E2E3A8A16F35E6500E0647F /* UIWindow-KIFAdditions.m */ = {isa = PBXFileReference; fileEncoding = 4; lastKnownFileType = sourcecode.c.objc; path = "UIWindow-KIFAdditions.m"; sourceTree = "<group>"; };
		AAB07268139719AC008AF393 /* libKIF.a */ = {isa = PBXFileReference; explicitFileType = archive.ar; includeInIndex = 0; path = libKIF.a; sourceTree = BUILT_PRODUCTS_DIR; };
		AAB0726B139719AC008AF393 /* Foundation.framework */ = {isa = PBXFileReference; lastKnownFileType = wrapper.framework; name = Foundation.framework; path = System/Library/Frameworks/Foundation.framework; sourceTree = SDKROOT; };
		AAB0728113971A63008AF393 /* KIF-Prefix.pch */ = {isa = PBXFileReference; fileEncoding = 4; lastKnownFileType = sourcecode.c.h; name = "KIF-Prefix.pch"; path = "Classes/KIF-Prefix.pch"; sourceTree = SOURCE_ROOT; };
		AAB072B413971AEA008AF393 /* UIKit.framework */ = {isa = PBXFileReference; lastKnownFileType = wrapper.framework; name = UIKit.framework; path = System/Library/Frameworks/UIKit.framework; sourceTree = SDKROOT; };
/* End PBXFileReference section */

/* Begin PBXFrameworksBuildPhase section */
		AAB07265139719AC008AF393 /* Frameworks */ = {
			isa = PBXFrameworksBuildPhase;
			buildActionMask = 2147483647;
			files = (
				AAB0726C139719AC008AF393 /* Foundation.framework in Frameworks */,
				AAB072B513971AEA008AF393 /* UIKit.framework in Frameworks */,
			);
			runOnlyForDeploymentPostprocessing = 0;
		};
/* End PBXFrameworksBuildPhase section */

/* Begin PBXGroup section */
		4E2E3A7016F35E6500E0647F /* KIF */ = {
			isa = PBXGroup;
			children = (
				4E2E3A7116F35E6500E0647F /* CGGeometry-KIFAdditions.h */,
				4E2E3A7216F35E6500E0647F /* CGGeometry-KIFAdditions.m */,
				4E2E3A7316F35E6500E0647F /* KIF-Prefix.pch */,
				4E2E3A7416F35E6500E0647F /* KIFTestController.h */,
				4E2E3A7516F35E6500E0647F /* KIFTestController.m */,
				4E2E3A7616F35E6500E0647F /* KIFTestScenario.h */,
				4E2E3A7716F35E6500E0647F /* KIFTestScenario.m */,
				4E2E3A7816F35E6500E0647F /* KIFTestStep.h */,
				4E2E3A7916F35E6500E0647F /* KIFTestStep.m */,
				4E2E3A7A16F35E6500E0647F /* KIFTypist.h */,
				4E2E3A7B16F35E6500E0647F /* KIFTypist.m */,
				4E2E3A7C16F35E6500E0647F /* LoadableCategory.h */,
				4E2E3A7D16F35E6500E0647F /* NSFileManager-KIFAdditions.h */,
				4E2E3A7E16F35E6500E0647F /* NSFileManager-KIFAdditions.m */,
				4E2E3A7F16F35E6500E0647F /* UIAccessibilityElement-KIFAdditions.h */,
				4E2E3A8016F35E6500E0647F /* UIAccessibilityElement-KIFAdditions.m */,
				4E2E3A8116F35E6500E0647F /* UIApplication-KIFAdditions.h */,
				4E2E3A8216F35E6500E0647F /* UIApplication-KIFAdditions.m */,
				4E2E3A8316F35E6500E0647F /* UIScrollView-KIFAdditions.h */,
				4E2E3A8416F35E6500E0647F /* UIScrollView-KIFAdditions.m */,
				4E2E3A8516F35E6500E0647F /* UITouch-KIFAdditions.h */,
				4E2E3A8616F35E6500E0647F /* UITouch-KIFAdditions.m */,
				4E2E3A8716F35E6500E0647F /* UIView-KIFAdditions.h */,
				4E2E3A8816F35E6500E0647F /* UIView-KIFAdditions.m */,
				4E2E3A8916F35E6500E0647F /* UIWindow-KIFAdditions.h */,
				4E2E3A8A16F35E6500E0647F /* UIWindow-KIFAdditions.m */,
			);
			path = KIF;
			sourceTree = "<group>";
		};
		AAB0725D139719AC008AF393 = {
			isa = PBXGroup;
			children = (
				4E2E3A7016F35E6500E0647F /* KIF */,
				AAB0726E139719AC008AF393 /* Supporting Files */,
				AAB0726A139719AC008AF393 /* Frameworks */,
				AAB07269139719AC008AF393 /* Products */,
			);
			sourceTree = "<group>";
		};
		AAB07269139719AC008AF393 /* Products */ = {
			isa = PBXGroup;
			children = (
				AAB07268139719AC008AF393 /* libKIF.a */,
			);
			name = Products;
			sourceTree = "<group>";
		};
		AAB0726A139719AC008AF393 /* Frameworks */ = {
			isa = PBXGroup;
			children = (
				AAB072B413971AEA008AF393 /* UIKit.framework */,
				AAB0726B139719AC008AF393 /* Foundation.framework */,
			);
			name = Frameworks;
			sourceTree = "<group>";
		};
		AAB0726E139719AC008AF393 /* Supporting Files */ = {
			isa = PBXGroup;
			children = (
				AAB0728113971A63008AF393 /* KIF-Prefix.pch */,
			);
			name = "Supporting Files";
			path = KIF;
			sourceTree = "<group>";
		};
/* End PBXGroup section */

/* Begin PBXHeadersBuildPhase section */
		AAB07266139719AC008AF393 /* Headers */ = {
			isa = PBXHeadersBuildPhase;
			buildActionMask = 2147483647;
			files = (
				AAB0728213971A63008AF393 /* KIF-Prefix.pch in Headers */,
				4E2E3A8B16F35E6500E0647F /* CGGeometry-KIFAdditions.h in Headers */,
				4E2E3A8D16F35E6500E0647F /* KIF-Prefix.pch in Headers */,
				4E2E3A8E16F35E6500E0647F /* KIFTestController.h in Headers */,
				4E2E3A9016F35E6500E0647F /* KIFTestScenario.h in Headers */,
				4E2E3A9216F35E6500E0647F /* KIFTestStep.h in Headers */,
				4E2E3A9416F35E6500E0647F /* KIFTypist.h in Headers */,
				4E2E3A9616F35E6500E0647F /* LoadableCategory.h in Headers */,
				4E2E3A9716F35E6500E0647F /* NSFileManager-KIFAdditions.h in Headers */,
				4E2E3A9916F35E6500E0647F /* UIAccessibilityElement-KIFAdditions.h in Headers */,
				4E2E3A9B16F35E6500E0647F /* UIApplication-KIFAdditions.h in Headers */,
				4E2E3A9D16F35E6500E0647F /* UIScrollView-KIFAdditions.h in Headers */,
				4E2E3A9F16F35E6500E0647F /* UITouch-KIFAdditions.h in Headers */,
				4E2E3AA116F35E6500E0647F /* UIView-KIFAdditions.h in Headers */,
				4E2E3AA316F35E6500E0647F /* UIWindow-KIFAdditions.h in Headers */,
			);
			runOnlyForDeploymentPostprocessing = 0;
		};
/* End PBXHeadersBuildPhase section */

/* Begin PBXNativeTarget section */
		AAB07267139719AC008AF393 /* KIF */ = {
			isa = PBXNativeTarget;
			buildConfigurationList = AAB07272139719AC008AF393 /* Build configuration list for PBXNativeTarget "KIF" */;
			buildPhases = (
				AAB07264139719AC008AF393 /* Sources */,
				AAB07265139719AC008AF393 /* Frameworks */,
				AAB07266139719AC008AF393 /* Headers */,
			);
			buildRules = (
			);
			dependencies = (
			);
			name = KIF;
			productName = KIF;
			productReference = AAB07268139719AC008AF393 /* libKIF.a */;
			productType = "com.apple.product-type.library.static";
		};
/* End PBXNativeTarget section */

/* Begin PBXProject section */
		AAB0725F139719AC008AF393 /* Project object */ = {
			isa = PBXProject;
			attributes = {
				LastUpgradeCheck = 0450;
			};
			buildConfigurationList = AAB07262139719AC008AF393 /* Build configuration list for PBXProject "KIF" */;
			compatibilityVersion = "Xcode 3.2";
			developmentRegion = English;
			hasScannedForEncodings = 0;
			knownRegions = (
				en,
			);
			mainGroup = AAB0725D139719AC008AF393;
			productRefGroup = AAB07269139719AC008AF393 /* Products */;
			projectDirPath = "";
			projectRoot = "";
			targets = (
				AAB07267139719AC008AF393 /* KIF */,
			);
		};
/* End PBXProject section */

/* Begin PBXSourcesBuildPhase section */
		AAB07264139719AC008AF393 /* Sources */ = {
			isa = PBXSourcesBuildPhase;
			buildActionMask = 2147483647;
			files = (
				4E2E3A8C16F35E6500E0647F /* CGGeometry-KIFAdditions.m in Sources */,
				4E2E3A8F16F35E6500E0647F /* KIFTestController.m in Sources */,
				4E2E3A9116F35E6500E0647F /* KIFTestScenario.m in Sources */,
				4E2E3A9316F35E6500E0647F /* KIFTestStep.m in Sources */,
				4E2E3A9516F35E6500E0647F /* KIFTypist.m in Sources */,
				4E2E3A9816F35E6500E0647F /* NSFileManager-KIFAdditions.m in Sources */,
				4E2E3A9A16F35E6500E0647F /* UIAccessibilityElement-KIFAdditions.m in Sources */,
				4E2E3A9C16F35E6500E0647F /* UIApplication-KIFAdditions.m in Sources */,
				4E2E3A9E16F35E6500E0647F /* UIScrollView-KIFAdditions.m in Sources */,
				4E2E3AA016F35E6500E0647F /* UITouch-KIFAdditions.m in Sources */,
				4E2E3AA216F35E6500E0647F /* UIView-KIFAdditions.m in Sources */,
				4E2E3AA416F35E6500E0647F /* UIWindow-KIFAdditions.m in Sources */,
			);
			runOnlyForDeploymentPostprocessing = 0;
		};
/* End PBXSourcesBuildPhase section */

/* Begin XCBuildConfiguration section */
		AAB07270139719AC008AF393 /* Debug */ = {
			isa = XCBuildConfiguration;
			buildSettings = {
				ARCHS = "$(ARCHS_STANDARD_32_BIT)";
				GCC_C_LANGUAGE_STANDARD = gnu99;
				GCC_OPTIMIZATION_LEVEL = 0;
				GCC_PREPROCESSOR_DEFINITIONS = DEBUG;
				GCC_SYMBOLS_PRIVATE_EXTERN = NO;
				GCC_VERSION = com.apple.compilers.llvmgcc42;
				GCC_WARN_ABOUT_MISSING_PROTOTYPES = YES;
				GCC_WARN_ABOUT_RETURN_TYPE = YES;
				GCC_WARN_UNUSED_VARIABLE = YES;
				IPHONEOS_DEPLOYMENT_TARGET = 4.3;
				SDKROOT = iphoneos;
			};
			name = Debug;
		};
		AAB07271139719AC008AF393 /* Release */ = {
			isa = XCBuildConfiguration;
			buildSettings = {
				ARCHS = "$(ARCHS_STANDARD_32_BIT)";
				GCC_C_LANGUAGE_STANDARD = gnu99;
				GCC_VERSION = com.apple.compilers.llvmgcc42;
				GCC_WARN_ABOUT_MISSING_PROTOTYPES = YES;
				GCC_WARN_ABOUT_RETURN_TYPE = YES;
				GCC_WARN_UNUSED_VARIABLE = YES;
				IPHONEOS_DEPLOYMENT_TARGET = 4.3;
				SDKROOT = iphoneos;
			};
			name = Release;
		};
		AAB07273139719AC008AF393 /* Debug */ = {
			isa = XCBuildConfiguration;
			buildSettings = {
				ALWAYS_SEARCH_USER_PATHS = NO;
				ARCHS = (
					armv6,
					"$(ARCHS_STANDARD_32_BIT)",
				);
				DSTROOT = /tmp/KIF.dst;
				GCC_PRECOMPILE_PREFIX_HEADER = YES;
				GCC_PREFIX_HEADER = "KIF/KIF-Prefix.pch";
				GCC_THUMB_SUPPORT = NO;
				GCC_VERSION = com.apple.compilers.llvm.clang.1_0;
				OTHER_LDFLAGS = "-ObjC";
				PRODUCT_NAME = "$(TARGET_NAME)";
			};
			name = Debug;
		};
		AAB07274139719AC008AF393 /* Release */ = {
			isa = XCBuildConfiguration;
			buildSettings = {
				ALWAYS_SEARCH_USER_PATHS = NO;
				ARCHS = (
					armv6,
					"$(ARCHS_STANDARD_32_BIT)",
				);
				DSTROOT = /tmp/KIF.dst;
				GCC_PRECOMPILE_PREFIX_HEADER = YES;
				GCC_PREFIX_HEADER = "KIF/KIF-Prefix.pch";
				GCC_THUMB_SUPPORT = NO;
				GCC_VERSION = com.apple.compilers.llvm.clang.1_0;
				OTHER_LDFLAGS = "-ObjC";
				PRODUCT_NAME = "$(TARGET_NAME)";
			};
			name = Release;
		};
/* End XCBuildConfiguration section */

/* Begin XCConfigurationList section */
		AAB07262139719AC008AF393 /* Build configuration list for PBXProject "KIF" */ = {
			isa = XCConfigurationList;
			buildConfigurations = (
				AAB07270139719AC008AF393 /* Debug */,
				AAB07271139719AC008AF393 /* Release */,
			);
			defaultConfigurationIsVisible = 0;
			defaultConfigurationName = Release;
		};
		AAB07272139719AC008AF393 /* Build configuration list for PBXNativeTarget "KIF" */ = {
			isa = XCConfigurationList;
			buildConfigurations = (
				AAB07273139719AC008AF393 /* Debug */,
				AAB07274139719AC008AF393 /* Release */,
			);
			defaultConfigurationIsVisible = 0;
			defaultConfigurationName = Release;
		};
/* End XCConfigurationList section */
	};
	rootObject = AAB0725F139719AC008AF393 /* Project object */;
}
